
Microsoft Visual Studio Solution File, Format Version 12.00
# Visual Studio Version 17
VisualStudioVersion = 17.14.37216.2 d17.14
MinimumVisualStudioVersion = 10.0.40219.1
Project("{FAE04EC0-301F-11D3-BF4B-00C04F79EFBC}") = "Develop", "Develop\Develop.csproj", "{ABA0C55C-2BED-4A4F-9903-C459296EB836}"
EndProject
Project("{FAE04EC0-301F-11D3-BF4B-00C04F79EFBC}") = "Create", "Create\Create.csproj", "{A466F353-5F56-4E53-93E3-5A9A4184C807}"
EndProject
Project("{FAE04EC0-301F-11D3-BF4B-00C04F79EFBC}") = "Create2", "Create2\Create2.csproj", "{316E49EE-380D-42D9-B7F5-BE9F657BF63F}"
EndProject
Global
	GlobalSection(SolutionConfigurationPlatforms) = preSolution
		Debug|Any CPU = Debug|Any CPU
		Release|Any CPU = Release|Any CPU
	EndGlobalSection
	GlobalSection(ProjectConfigurationPlatforms) = postSolution
		{ABA0C55C-2BED-4A4F-9903-C459296EB836}.Debug|Any CPU.ActiveCfg = Debug|Any CPU
		{ABA0C55C-2BED-4A4F-9903-C459296EB836}.Debug|Any CPU.Build.0 = Debug|Any CPU
		{ABA0C55C-2BED-4A4F-9903-C459296EB836}.Release|Any CPU.ActiveCfg = Release|Any CPU
		{ABA0C55C-2BED-4A4F-9903-C459296EB836}.Release|Any CPU.Build.0 = Release|Any CPU
		{A466F353-5F56-4E53-93E3-5A9A4184C807}.Debug|Any CPU.ActiveCfg = Debug|Any CPU
		{A466F353-5F56-4E53-93E3-5A9A4184C807}.Debug|Any CPU.Build.0 = Debug|Any CPU
		{A466F353-5F56-4E53-93E3-5A9A4184C807}.Release|Any CPU.ActiveCfg = Release|Any CPU
		{A466F353-5F56-4E53-93E3-5A9A4184C807}.Release|Any CPU.Build.0 = Release|Any CPU
		{316E49EE-380D-42D9-B7F5-BE9F657BF63F}.Debug|Any CPU.ActiveCfg = Debug|Any CPU
		{316E49EE-380D-42D9-B7F5-BE9F657BF63F}.Debug|Any CPU.Build.0 = Debug|Any CPU
		{316E49EE-380D-42D9-B7F5-BE9F657BF63F}.Release|Any CPU.ActiveCfg = Release|Any CPU
		{316E49EE-380D-42D9-B7F5-BE9F657BF63F}.Release|Any CPU.Build.0 = Release|Any CPU
	EndGlobalSection
	GlobalSection(SolutionProperties) = preSolution
		HideSolutionNode = FALSE
	EndGlobalSection
	GlobalSection(ExtensibilityGlobals) = postSolution
		SolutionGuid = {88AFF075-B49C-4CF6-850C-420F744A141B}
	EndGlobalSection
EndGlobal
